{
  "name": "wedding-website",
  "lockfileVersion": 3,
  "requires": true,
  "packages": {
    "": {
      "name": "wedding-website",
      "dependencies": {
        "@supabase/supabase-js": "file:vendor/supabase-js"
      }
    },
    "node_modules/@supabase/supabase-js": {
      "resolved": "vendor/supabase-js",
      "link": true
    },
    "vendor/supabase-js": {
      "name": "@supabase/supabase-js",
      "version": "2.0.0-local"
    }
  }
}
